
Microsoft Visual Studio Solution File, Format Version 12.00
# Visual Studio Version 17
VisualStudioVersion = 17.6.33723.286
MinimumVisualStudioVersion = 10.0.40219.1
Project("{FAE04EC0-301F-11D3-BF4B-00C04F79EFBC}") = "piskvorky", "piskvorky\piskvorky.csproj", "{9BE36FE9-7254-4BBF-9E23-B1C80F7DCE5B}"
EndProject
Global
	GlobalSection(SolutionConfigurationPlatforms) = preSolution
		Debug|Any CPU = Debug|Any CPU
		Release|Any CPU = Release|Any CPU
	EndGlobalSection
	GlobalSection(ProjectConfigurationPlatforms) = postSolution
		{9BE36FE9-7254-4BBF-9E23-B1C80F7DCE5B}.Debug|Any CPU.ActiveCfg = Debug|Any CPU
		{9BE36FE9-7254-4BBF-9E23-B1C80F7DCE5B}.Debug|Any CPU.Build.0 = Debug|Any CPU
		{9BE36FE9-7254-4BBF-9E23-B1C80F7DCE5B}.Release|Any CPU.ActiveCfg = Release|Any CPU
		{9BE36FE9-7254-4BBF-9E23-B1C80F7DCE5B}.Release|Any CPU.Build.0 = Release|Any CPU
	EndGlobalSection
	GlobalSection(SolutionProperties) = preSolution
		HideSolutionNode = FALSE
	EndGlobalSection
	GlobalSection(ExtensibilityGlobals) = postSolution
		SolutionGuid = {80A4ADDB-A972-428A-9AF0-316110554AEA}
	EndGlobalSection
EndGlobal
